
Microsoft Visual Studio Solution File, Format Version 12.00
# Visual Studio Version 17
VisualStudioVersion = 17.0.32112.339
MinimumVisualStudioVersion = 10.0.40219.1
Project("{FAE04EC0-301F-11D3-BF4B-00C04F79EFBC}") = "LABORATORIO6", "LABORATORIO6.csproj", "{692B026E-494D-44D0-BE13-FBE4D0E93AD8}"
EndProject
Global
	GlobalSection(SolutionConfigurationPlatforms) = preSolution
		Debug|Any CPU = Debug|Any CPU
		Release|Any CPU = Release|Any CPU
	EndGlobalSection
	GlobalSection(ProjectConfigurationPlatforms) = postSolution
		{692B026E-494D-44D0-BE13-FBE4D0E93AD8}.Debug|Any CPU.ActiveCfg = Debug|Any CPU
		{692B026E-494D-44D0-BE13-FBE4D0E93AD8}.Debug|Any CPU.Build.0 = Debug|Any CPU
		{692B026E-494D-44D0-BE13-FBE4D0E93AD8}.Release|Any CPU.ActiveCfg = Release|Any CPU
		{692B026E-494D-44D0-BE13-FBE4D0E93AD8}.Release|Any CPU.Build.0 = Release|Any CPU
	EndGlobalSection
	GlobalSection(SolutionProperties) = preSolution
		HideSolutionNode = FALSE
	EndGlobalSection
	GlobalSection(ExtensibilityGlobals) = postSolution
		SolutionGuid = {0EDC3D7E-CE8E-4E8E-BE07-8DDC0BBEB3DD}
	EndGlobalSection
EndGlobal
